
Microsoft Visual Studio Solution File, Format Version 12.00
# Visual Studio Version 17
VisualStudioVersion = 17.3.32825.248
MinimumVisualStudioVersion = 10.0.40219.1
Project("{FAE04EC0-301F-11D3-BF4B-00C04F79EFBC}") = "ATM", "ATM.csproj", "{28841C56-6B07-4A66-B905-3BBE6E8A1FC7}"
EndProject
Global
	GlobalSection(SolutionConfigurationPlatforms) = preSolution
		Debug|Any CPU = Debug|Any CPU
		Release|Any CPU = Release|Any CPU
	EndGlobalSection
	GlobalSection(ProjectConfigurationPlatforms) = postSolution
		{28841C56-6B07-4A66-B905-3BBE6E8A1FC7}.Debug|Any CPU.ActiveCfg = Debug|Any CPU
		{28841C56-6B07-4A66-B905-3BBE6E8A1FC7}.Debug|Any CPU.Build.0 = Debug|Any CPU
		{28841C56-6B07-4A66-B905-3BBE6E8A1FC7}.Release|Any CPU.ActiveCfg = Release|Any CPU
		{28841C56-6B07-4A66-B905-3BBE6E8A1FC7}.Release|Any CPU.Build.0 = Release|Any CPU
	EndGlobalSection
	GlobalSection(SolutionProperties) = preSolution
		HideSolutionNode = FALSE
	EndGlobalSection
	GlobalSection(ExtensibilityGlobals) = postSolution
		SolutionGuid = {24F6259B-B0D0-4600-8B75-EB4AEF18EED9}
	EndGlobalSection
EndGlobal
